{
  "name": "@ourai/lime",
  "version": "0.0.0",
  "lockfileVersion": 1,
  "requires": true,
  "dependencies": {
    "@ntks/toolbox": {
      "version": "0.0.6",
      "resolved": "https://registry.npmjs.org/@ntks/toolbox/-/toolbox-0.0.6.tgz",
      "integrity": "sha512-EpoW12XUVabG5WhpLSFA8KNG87VTXf2O/HK5OF5/rr9Y53X3EvcKb8c2uSzjaVewd5BGUFiDuezz5KbhkDhPGQ==",
      "dev": true
    }
  }
}
